{
  "version": 4,
  "terraform_version": "1.15.7",
  "serial": 5,
  "lineage": "5ffc4260-5c56-dcd2-ef47-f5c7cabcfc92",
  "outputs": {},
  "resources": [
    {
      "mode": "managed",
      "type": "local_file",
      "name": "cloudlab",
      "provider": "provider[\"registry.terraform.io/hashicorp/local\"]",
      "instances": [
        {
          "schema_version": 0,
          "attributes": {
            "content": "Cloud Engineer Homelab",
            "content_base64": null,
            "content_base64sha256": "jpQ+Pc3ufxvAma1Wl22KUYK+JKIHBwtJFaTYmfUjgl8=",
            "content_base64sha512": "jLUEJUpNLK1bHLCzuJm/chEXe4WQuAwWQG/5OpzTHGxRMI0zAAmB7WxjwwAzR6Qpz6tfFXO1tvl5u9omT2c9cg==",
            "content_md5": "9e828954d66d60620b51280c7ca12d56",
            "content_sha1": "4f0b8aed6edff858f9e3e3a2fb39e702ecbd6f6e",
            "content_sha256": "8e943e3dcdee7f1bc099ad56976d8a5182be24a207070b4915a4d899f523825f",
            "content_sha512": "8cb504254a4d2cad5b1cb0b3b899bf7211177b8590b80c16406ff93a9cd31c6c51308d33000981ed6c63c3003347a429cfab5f1573b5b6f979bbda264f673d72",
            "directory_permission": "0777",
            "file_permission": "0777",
            "filename": "message.txt",
            "id": "4f0b8aed6edff858f9e3e3a2fb39e702ecbd6f6e",
            "sensitive_content": null,
            "source": null
          },
          "sensitive_attributes": [
            [
              {
                "type": "get_attr",
                "value": "sensitive_content"
              }
            ]
          ],
          "identity_schema_version": 0
        }
      ]
    }
  ],
  "check_results": null
}
