{
  "version": 4,
  "terraform_version": "1.15.7",
  "serial": 4,
  "lineage": "2f92e003-7fd5-d181-9d0b-18b881ac9e5e",
  "outputs": {
    "created_file": {
      "value": "cloudlab.txt",
      "type": "string"
    },
    "terraform_message": {
      "value": "Learning Terraform Day 17",
      "type": "string"
    }
  },
  "resources": [
    {
      "mode": "managed",
      "type": "local_file",
      "name": "file1",
      "provider": "provider[\"registry.terraform.io/hashicorp/local\"]",
      "instances": [
        {
          "schema_version": 0,
          "attributes": {
            "content": "Learning Terraform Day 17",
            "content_base64": null,
            "content_base64sha256": "8qtG3Uw1lM6E7VU1EjhYRbv8A75Im2gM1Zupjcx3weQ=",
            "content_base64sha512": "Ny8yUiThM2/+SkpPjglXTyKympzexGUU0tqIU5DXJ3NHNrF1mKOEukqbSrpCbRvxUQFnArsAsd6dMKq39HVyoA==",
            "content_md5": "f619bf73cc3f34dcfe253b9418403157",
            "content_sha1": "fbff9f0443b62ad8a7c3263247c480fbe5cdfed9",
            "content_sha256": "f2ab46dd4c3594ce84ed553512385845bbfc03be489b680cd59ba98dcc77c1e4",
            "content_sha512": "372f325224e1336ffe4a4a4f8e09574f22b29a9cdec46514d2da885390d727734736b17598a384ba4a9b4aba426d1bf151016702bb00b1de9d30aab7f47572a0",
            "directory_permission": "0777",
            "file_permission": "0777",
            "filename": "cloudlab.txt",
            "id": "fbff9f0443b62ad8a7c3263247c480fbe5cdfed9",
            "sensitive_content": null,
            "source": null
          },
          "sensitive_attributes": [
            [
              {
                "type": "get_attr",
                "value": "sensitive_content"
              }
            ]
          ],
          "identity_schema_version": 0
        }
      ]
    },
    {
      "mode": "managed",
      "type": "local_file",
      "name": "file2",
      "provider": "provider[\"registry.terraform.io/hashicorp/local\"]",
      "instances": [
        {
          "schema_version": 0,
          "attributes": {
            "content": "Terraform Multiple Resources",
            "content_base64": null,
            "content_base64sha256": "IkP4ooRfrmDrM83vJaATybrVRIlTXyOyxHVTBq+W5Qw=",
            "content_base64sha512": "DiZk4jltjae1WMNj7vFWYgym4Xz72LT223P9WVeM6jclJTvUzRGFBPew8C4bPpOxG2tN2KDWR8G2s4OrzlfIpg==",
            "content_md5": "ae9d8bd539cbb9526bcaf08d8ffb6de1",
            "content_sha1": "f38feb775cc8ceefa4559d36a9c27b5b6454805c",
            "content_sha256": "2243f8a2845fae60eb33cdef25a013c9bad54489535f23b2c4755306af96e50c",
            "content_sha512": "0e2664e2396d8da7b558c363eef156620ca6e17cfbd8b4f6db73fd59578cea3725253bd4cd118504f7b0f02e1b3e93b11b6b4dd8a0d647c1b6b383abce57c8a6",
            "directory_permission": "0777",
            "file_permission": "0777",
            "filename": "notes.txt",
            "id": "f38feb775cc8ceefa4559d36a9c27b5b6454805c",
            "sensitive_content": null,
            "source": null
          },
          "sensitive_attributes": [
            [
              {
                "type": "get_attr",
                "value": "sensitive_content"
              }
            ]
          ],
          "identity_schema_version": 0
        }
      ]
    },
    {
      "mode": "managed",
      "type": "local_file",
      "name": "file3",
      "provider": "provider[\"registry.terraform.io/hashicorp/local\"]",
      "instances": [
        {
          "schema_version": 0,
          "attributes": {
            "content": "Infrastructure as Code",
            "content_base64": null,
            "content_base64sha256": "Hza9zjBtpZ/HjpYC+pCQxqI026wt3YvcMIrSHHQmsi0=",
            "content_base64sha512": "fsM55tKjxb3s5pIDpf4l70GNrnXM+yfwjSU1IyMUZ2c3/pYsEuwMPL+vyAbkOxtSPLizeCZRf7NKOqCNlK3xwA==",
            "content_md5": "d2bc990612eeaf36be5a5547738b1be6",
            "content_sha1": "c0e4812ed03ae35dc5682b044cb0591bbd44ea06",
            "content_sha256": "1f36bdce306da59fc78e9602fa9090c6a234dbac2ddd8bdc308ad21c7426b22d",
            "content_sha512": "7ec339e6d2a3c5bdece69203a5fe25ef418dae75ccfb27f08d2535232314676737fe962c12ec0c3cbfafc806e43b1b523cb8b37826517fb34a3aa08d94adf1c0",
            "directory_permission": "0777",
            "file_permission": "0777",
            "filename": "terraform.txt",
            "id": "c0e4812ed03ae35dc5682b044cb0591bbd44ea06",
            "sensitive_content": null,
            "source": null
          },
          "sensitive_attributes": [
            [
              {
                "type": "get_attr",
                "value": "sensitive_content"
              }
            ]
          ],
          "identity_schema_version": 0
        }
      ]
    }
  ],
  "check_results": null
}
