{
  "version": 4,
  "terraform_version": "1.15.7",
  "serial": 7,
  "lineage": "2f92e003-7fd5-d181-9d0b-18b881ac9e5e",
  "outputs": {
    "created_file": {
      "value": "lesley.txt",
      "type": "string"
    },
    "terraform_message": {
      "value": "Cloud Engineer Journey",
      "type": "string"
    }
  },
  "resources": [
    {
      "mode": "managed",
      "type": "local_file",
      "name": "file1",
      "provider": "provider[\"registry.terraform.io/hashicorp/local\"]",
      "instances": [
        {
          "schema_version": 0,
          "attributes": {
            "content": "Cloud Engineer Journey",
            "content_base64": null,
            "content_base64sha256": "RFxeOQ2mqa+qk3uvzpRISPfvc6GU7Sf3Kk8wsc4L8dw=",
            "content_base64sha512": "r8v5/sp9YZe6i4QxlfbN2qjH7uXXuWI7rDGiwlKmuPqtY7Zk1acrtSnU8vBFhWZ+NlMdLBYobj66aDhiaBs+bQ==",
            "content_md5": "4fc720c15293856fdcd9cf31a563be2d",
            "content_sha1": "73913999b8df06cb289ffe546d6be8d2eb0c6415",
            "content_sha256": "445c5e390da6a9afaa937bafce944848f7ef73a194ed27f72a4f30b1ce0bf1dc",
            "content_sha512": "afcbf9feca7d6197ba8b843195f6cddaa8c7eee5d7b9623bac31a2c252a6b8faad63b664d5a72bb529d4f2f04585667e36531d2c16286e3eba683862681b3e6d",
            "directory_permission": "0777",
            "file_permission": "0777",
            "filename": "lesley.txt",
            "id": "73913999b8df06cb289ffe546d6be8d2eb0c6415",
            "sensitive_content": null,
            "source": null
          },
          "sensitive_attributes": [
            [
              {
                "type": "get_attr",
                "value": "sensitive_content"
              }
            ]
          ],
          "identity_schema_version": 0
        }
      ]
    },
    {
      "mode": "managed",
      "type": "local_file",
      "name": "file2",
      "provider": "provider[\"registry.terraform.io/hashicorp/local\"]",
      "instances": [
        {
          "schema_version": 0,
          "attributes": {
            "content": "Terraform Multiple Resources",
            "content_base64": null,
            "content_base64sha256": "IkP4ooRfrmDrM83vJaATybrVRIlTXyOyxHVTBq+W5Qw=",
            "content_base64sha512": "DiZk4jltjae1WMNj7vFWYgym4Xz72LT223P9WVeM6jclJTvUzRGFBPew8C4bPpOxG2tN2KDWR8G2s4OrzlfIpg==",
            "content_md5": "ae9d8bd539cbb9526bcaf08d8ffb6de1",
            "content_sha1": "f38feb775cc8ceefa4559d36a9c27b5b6454805c",
            "content_sha256": "2243f8a2845fae60eb33cdef25a013c9bad54489535f23b2c4755306af96e50c",
            "content_sha512": "0e2664e2396d8da7b558c363eef156620ca6e17cfbd8b4f6db73fd59578cea3725253bd4cd118504f7b0f02e1b3e93b11b6b4dd8a0d647c1b6b383abce57c8a6",
            "directory_permission": "0777",
            "file_permission": "0777",
            "filename": "notes.txt",
            "id": "f38feb775cc8ceefa4559d36a9c27b5b6454805c",
            "sensitive_content": null,
            "source": null
          },
          "sensitive_attributes": [
            [
              {
                "type": "get_attr",
                "value": "sensitive_content"
              }
            ]
          ],
          "identity_schema_version": 0
        }
      ]
    },
    {
      "mode": "managed",
      "type": "local_file",
      "name": "file3",
      "provider": "provider[\"registry.terraform.io/hashicorp/local\"]",
      "instances": [
        {
          "schema_version": 0,
          "attributes": {
            "content": "Infrastructure as Code",
            "content_base64": null,
            "content_base64sha256": "Hza9zjBtpZ/HjpYC+pCQxqI026wt3YvcMIrSHHQmsi0=",
            "content_base64sha512": "fsM55tKjxb3s5pIDpf4l70GNrnXM+yfwjSU1IyMUZ2c3/pYsEuwMPL+vyAbkOxtSPLizeCZRf7NKOqCNlK3xwA==",
            "content_md5": "d2bc990612eeaf36be5a5547738b1be6",
            "content_sha1": "c0e4812ed03ae35dc5682b044cb0591bbd44ea06",
            "content_sha256": "1f36bdce306da59fc78e9602fa9090c6a234dbac2ddd8bdc308ad21c7426b22d",
            "content_sha512": "7ec339e6d2a3c5bdece69203a5fe25ef418dae75ccfb27f08d2535232314676737fe962c12ec0c3cbfafc806e43b1b523cb8b37826517fb34a3aa08d94adf1c0",
            "directory_permission": "0777",
            "file_permission": "0777",
            "filename": "terraform.txt",
            "id": "c0e4812ed03ae35dc5682b044cb0591bbd44ea06",
            "sensitive_content": null,
            "source": null
          },
          "sensitive_attributes": [
            [
              {
                "type": "get_attr",
                "value": "sensitive_content"
              }
            ]
          ],
          "identity_schema_version": 0
        }
      ]
    }
  ],
  "check_results": null
}
