{
  "version": 4,
  "terraform_version": "1.15.8",
  "serial": 1,
  "lineage": "2e4e37e5-e9a7-0c8a-f2c5-4c041db9a34f",
  "outputs": {},
  "resources": [
    {
      "module": "module.cloud_file",
      "mode": "managed",
      "type": "local_file",
      "name": "created_file",
      "provider": "provider[\"registry.terraform.io/hashicorp/local\"]",
      "instances": [
        {
          "schema_version": 0,
          "attributes": {
            "content": "Terraform Module Practice Day 18",
            "content_base64": null,
            "content_base64sha256": "pUeebG2GnRpEqO8eHZioxNpluGOe0LneDRo7uPAxkzE=",
            "content_base64sha512": "ChZtHPLhP7xx0MoTESKzG8XGrtdHdk9BVYxLwW0LCnG0n/XjcoaGd0Q8GUJGGKVZ5LZs9wheKH3aCykfdmJQFQ==",
            "content_md5": "18ab8a58c7bdff6f4bd5d402de28fc1f",
            "content_sha1": "c0c9ec16b5fa33fd5bfd807d9163a2cf8a636efa",
            "content_sha256": "a5479e6c6d869d1a44a8ef1e1d98a8c4da65b8639ed0b9de0d1a3bb8f0319331",
            "content_sha512": "0a166d1cf2e13fbc71d0ca131122b31bc5c6aed747764f41558c4bc16d0b0a71b49ff5e372868677443c19424618a559e4b66cf7085e287dda0b291f76625015",
            "directory_permission": "0777",
            "file_permission": "0777",
            "filename": "cloud-engineer.txt",
            "id": "c0c9ec16b5fa33fd5bfd807d9163a2cf8a636efa",
            "sensitive_content": null,
            "source": null
          },
          "sensitive_attributes": [
            [
              {
                "type": "get_attr",
                "value": "sensitive_content"
              }
            ]
          ],
          "identity_schema_version": 0
        }
      ]
    }
  ],
  "check_results": null
}
